
Microsoft Visual Studio Solution File, Format Version 11.00
# Visual Studio 2010
Project("{FAE04EC0-301F-11D3-BF4B-00C04F79EFBC}") = "GWAddIn_2", "GWAddIn_2\GWAddIn_2.csproj", "{394AE6D9-8037-45F4-B6A7-FD377FDDC505}"
EndProject
Project("{54435603-DBB4-11D2-8724-00A0C9A8B90C}") = "GWAddIn_2Setup", "GWAddIn_2Setup\GWAddIn_2Setup.vdproj", "{AEB3BA4A-AF87-4B36-A04C-4EDA08E93627}"
EndProject
Global
	GlobalSection(SolutionConfigurationPlatforms) = preSolution
		Debug|Any CPU = Debug|Any CPU
		Release|Any CPU = Release|Any CPU
	EndGlobalSection
	GlobalSection(ProjectConfigurationPlatforms) = postSolution
		{394AE6D9-8037-45F4-B6A7-FD377FDDC505}.Debug|Any CPU.ActiveCfg = Debug|Any CPU
		{394AE6D9-8037-45F4-B6A7-FD377FDDC505}.Debug|Any CPU.Build.0 = Debug|Any CPU
		{394AE6D9-8037-45F4-B6A7-FD377FDDC505}.Release|Any CPU.ActiveCfg = Release|Any CPU
		{394AE6D9-8037-45F4-B6A7-FD377FDDC505}.Release|Any CPU.Build.0 = Release|Any CPU
		{AEB3BA4A-AF87-4B36-A04C-4EDA08E93627}.Debug|Any CPU.ActiveCfg = Debug
		{AEB3BA4A-AF87-4B36-A04C-4EDA08E93627}.Release|Any CPU.ActiveCfg = Release
	EndGlobalSection
	GlobalSection(SolutionProperties) = preSolution
		HideSolutionNode = FALSE
	EndGlobalSection
EndGlobal
