
Microsoft Visual Studio Solution File, Format Version 11.00
# Visual Studio 2010
Project("{FAE04EC0-301F-11D3-BF4B-00C04F79EFBC}") = "GWAddIn", "GWAddIn\GWAddIn.csproj", "{C3719D75-F189-40A1-88E9-AAAB6B56FCA2}"
EndProject
Project("{54435603-DBB4-11D2-8724-00A0C9A8B90C}") = "GWAddInSetup", "GWAddInSetup\GWAddInSetup.vdproj", "{927E25A3-A2A0-4D29-B422-8230E5CC1DB0}"
EndProject
Global
	GlobalSection(SolutionConfigurationPlatforms) = preSolution
		Debug|Any CPU = Debug|Any CPU
		Release|Any CPU = Release|Any CPU
	EndGlobalSection
	GlobalSection(ProjectConfigurationPlatforms) = postSolution
		{C3719D75-F189-40A1-88E9-AAAB6B56FCA2}.Debug|Any CPU.ActiveCfg = Debug|Any CPU
		{C3719D75-F189-40A1-88E9-AAAB6B56FCA2}.Debug|Any CPU.Build.0 = Debug|Any CPU
		{C3719D75-F189-40A1-88E9-AAAB6B56FCA2}.Release|Any CPU.ActiveCfg = Release|Any CPU
		{C3719D75-F189-40A1-88E9-AAAB6B56FCA2}.Release|Any CPU.Build.0 = Release|Any CPU
		{927E25A3-A2A0-4D29-B422-8230E5CC1DB0}.Debug|Any CPU.ActiveCfg = Debug
		{927E25A3-A2A0-4D29-B422-8230E5CC1DB0}.Release|Any CPU.ActiveCfg = Release
	EndGlobalSection
	GlobalSection(SolutionProperties) = preSolution
		HideSolutionNode = FALSE
	EndGlobalSection
EndGlobal
